version = 1
revision = 3
requires-python = ">=3.12"

[[package]]
name = "pygdbmi"
version = "0.11.0.0"
source = { registry = "https://pypi.org/simple" }
sdist = { url = "https://files.pythonhosted.org/packages/2a/d0/d386ad42b12b90e60293c56a3b793910f34aa21c63f7ddc8a857e498d458/pygdbmi-0.11.0.0.tar.gz", hash = "sha256:7a286be2fcf25650d9f66e11adc46e972cf078a466864a700cd44739ad261fb0", size = 24648, upload-time = "2023-01-29T16:10:55.65Z" }
wheels = [
    { url = "https://files.pythonhosted.org/packages/c8/4b/71df806f4d260ddf01f9e431f5a6538a4155db3ec84a131d7e087178c591/pygdbmi-0.11.0.0-py3-none-any.whl", hash = "sha256:f7cac28e1d558927444c880ed1e65da1a5d8686121a3aac16f42fb84d3ceb60d", size = 21258, upload-time = "2023-01-29T16:10:53.171Z" },
]

[[package]]
name = "rr-mcp-server"
version = "0.1.0"
source = { virtual = "." }
dependencies = [
    { name = "pygdbmi" },
]

[package.metadata]
requires-dist = [{ name = "pygdbmi", specifier = ">=0.11.0.0" }]
